{
  "name": "scripts",
  "version": "0.0.0",
  "lockfileVersion": 2,
  "requires": true,
  "packages": {
    "": {
      "name": "scripts",
      "version": "0.0.0",
      "license": "AGPL-3.0",
      "dependencies": {
        "luxon": "^3.3.0",
        "task.json": "^3.1.1"
      }
    },
    "node_modules/luxon": {
      "version": "3.3.0",
      "resolved": "https://registry.npmjs.org/luxon/-/luxon-3.3.0.tgz",
      "integrity": "sha512-An0UCfG/rSiqtAIiBPO0Y9/zAnHUZxAMiCpTd5h2smgsj7GGmcenvrvww2cqNA8/4A5ZrD1gJpHN2mIHZQF+Mg==",
      "engines": {
        "node": ">=12"
      }
    },
    "node_modules/task.json": {
      "version": "3.1.1",
      "resolved": "https://registry.npmjs.org/task.json/-/task.json-3.1.1.tgz",
      "integrity": "sha512-yaCKgVTlMj1/I4qvM03EvXcnwgJ5mDgxhVKNjJp0NCKtswXla3g5VkHPQ0T3cF5xIzSeObqryuGtILrHnO+eVQ==",
      "dependencies": {
        "luxon": "^3.3.0"
      }
    }
  },
  "dependencies": {
    "luxon": {
      "version": "3.3.0",
      "resolved": "https://registry.npmjs.org/luxon/-/luxon-3.3.0.tgz",
      "integrity": "sha512-An0UCfG/rSiqtAIiBPO0Y9/zAnHUZxAMiCpTd5h2smgsj7GGmcenvrvww2cqNA8/4A5ZrD1gJpHN2mIHZQF+Mg=="
    },
    "task.json": {
      "version": "3.1.1",
      "resolved": "https://registry.npmjs.org/task.json/-/task.json-3.1.1.tgz",
      "integrity": "sha512-yaCKgVTlMj1/I4qvM03EvXcnwgJ5mDgxhVKNjJp0NCKtswXla3g5VkHPQ0T3cF5xIzSeObqryuGtILrHnO+eVQ==",
      "requires": {
        "luxon": "^3.3.0"
      }
    }
  }
}
